// !$*UTF8*$!
{
	archiveVersion = 1;
	classes = {
	};
	objectVersion = 46;
	objects = {

/* Begin PBXBuildFile section */
		C9BA9B9F1DE6F20800466F18 /* UIColor+Extension.swift in Sources */ = {isa = PBXBuildFile; fileRef = C9BA9B9E1DE6F20800466F18 /* UIColor+Extension.swift */; };
		C9DFA04F1DE6DED800D0927C /* AppDelegate.swift in Sources */ = {isa = PBXBuildFile; fileRef = C9DFA04E1DE6DED800D0927C /* AppDelegate.swift */; };
		C9DFA0561DE6DED800D0927C /* Main.storyboard in Resources */ = {isa = PBXBuildFile; fileRef = C9DFA0541DE6DED800D0927C /* Main.storyboard */; };
		C9DFA0581DE6DED800D0927C /* Assets.xcassets in Resources */ = {isa = PBXBuildFile; fileRef = C9DFA0571DE6DED800D0927C /* Assets.xcassets */; };
		C9DFA05B1DE6DED800D0927C /* LaunchScreen.storyboard in Resources */ = {isa = PBXBuildFile; fileRef = C9DFA0591DE6DED800D0927C /* LaunchScreen.storyboard */; };
		C9DFA0901DE6DEEB00D0927C /* CreditCard.swift in Sources */ = {isa = PBXBuildFile; fileRef = C9DFA0801DE6DEEB00D0927C /* CreditCard.swift */; };
		C9DFA0911DE6DEEB00D0927C /* DataProvider.swift in Sources */ = {isa = PBXBuildFile; fileRef = C9DFA0811DE6DEEB00D0927C /* DataProvider.swift */; };
		C9DFA0921DE6DEEB00D0927C /* Transaction.swift in Sources */ = {isa = PBXBuildFile; fileRef = C9DFA0821DE6DEEB00D0927C /* Transaction.swift */; };
		C9DFA0931DE6DEEB00D0927C /* User.swift in Sources */ = {isa = PBXBuildFile; fileRef = C9DFA0831DE6DEEB00D0927C /* User.swift */; };
		C9DFA0941DE6DEEB00D0927C /* AddUserViewController.swift in Sources */ = {isa = PBXBuildFile; fileRef = C9DFA0851DE6DEEB00D0927C /* AddUserViewController.swift */; };
		C9DFA0951DE6DEEB00D0927C /* BaseViewController.swift in Sources */ = {isa = PBXBuildFile; fileRef = C9DFA0861DE6DEEB00D0927C /* BaseViewController.swift */; };
		C9DFA0961DE6DEEB00D0927C /* TransactionTableViewController.swift in Sources */ = {isa = PBXBuildFile; fileRef = C9DFA0871DE6DEEB00D0927C /* TransactionTableViewController.swift */; };
		C9DFA0971DE6DEEB00D0927C /* TransfersViewController.swift in Sources */ = {isa = PBXBuildFile; fileRef = C9DFA0881DE6DEEB00D0927C /* TransfersViewController.swift */; };
		C9DFA0981DE6DEEB00D0927C /* UserCell.swift in Sources */ = {isa = PBXBuildFile; fileRef = C9DFA0891DE6DEEB00D0927C /* UserCell.swift */; };
		C9DFA0991DE6DEEB00D0927C /* UsersTableViewController.swift in Sources */ = {isa = PBXBuildFile; fileRef = C9DFA08A1DE6DEEB00D0927C /* UsersTableViewController.swift */; };
		C9DFA09A1DE6DEEB00D0927C /* CreditCardViewModel.swift in Sources */ = {isa = PBXBuildFile; fileRef = C9DFA08C1DE6DEEB00D0927C /* CreditCardViewModel.swift */; };
		C9DFA09B1DE6DEEB00D0927C /* TransactionViewModel.swift in Sources */ = {isa = PBXBuildFile; fileRef = C9DFA08D1DE6DEEB00D0927C /* TransactionViewModel.swift */; };
		C9DFA09C1DE6DEEB00D0927C /* TransferViewModel.swift in Sources */ = {isa = PBXBuildFile; fileRef = C9DFA08E1DE6DEEB00D0927C /* TransferViewModel.swift */; };
		C9DFA09D1DE6DEEB00D0927C /* UserViewModel.swift in Sources */ = {isa = PBXBuildFile; fileRef = C9DFA08F1DE6DEEB00D0927C /* UserViewModel.swift */; };
		C9DFA0A01DE6DF2000D0927C /* CreditCardViewModelTests.swift in Sources */ = {isa = PBXBuildFile; fileRef = C9DFA09E1DE6DF2000D0927C /* CreditCardViewModelTests.swift */; };
		C9DFA0A11DE6DF2000D0927C /* UserViewModelTests.swift in Sources */ = {isa = PBXBuildFile; fileRef = C9DFA09F1DE6DF2000D0927C /* UserViewModelTests.swift */; };
/* End PBXBuildFile section */

/* Begin PBXContainerItemProxy section */
		C9DFA0621DE6DED800D0927C /* PBXContainerItemProxy */ = {
			isa = PBXContainerItemProxy;
			containerPortal = C9DFA0431DE6DED800D0927C /* Project object */;
			proxyType = 1;
			remoteGlobalIDString = C9DFA04A1DE6DED800D0927C;
			remoteInfo = LENDSTAR;
		};
/* End PBXContainerItemProxy section */

/* Begin PBXFileReference section */
		C9BA9B9E1DE6F20800466F18 /* UIColor+Extension.swift */ = {isa = PBXFileReference; fileEncoding = 4; lastKnownFileType = sourcecode.swift; path = "UIColor+Extension.swift"; sourceTree = "<group>"; };
		C9DFA04B1DE6DED800D0927C /* STAR.app */ = {isa = PBXFileReference; explicitFileType = wrapper.application; includeInIndex = 0; path = STAR.app; sourceTree = BUILT_PRODUCTS_DIR; };
		C9DFA04E1DE6DED800D0927C /* AppDelegate.swift */ = {isa = PBXFileReference; lastKnownFileType = sourcecode.swift; path = AppDelegate.swift; sourceTree = "<group>"; };
		C9DFA0551DE6DED800D0927C /* Base */ = {isa = PBXFileReference; lastKnownFileType = file.storyboard; name = Base; path = Base.lproj/Main.storyboard; sourceTree = "<group>"; };
		C9DFA0571DE6DED800D0927C /* Assets.xcassets */ = {isa = PBXFileReference; lastKnownFileType = folder.assetcatalog; path = Assets.xcassets; sourceTree = "<group>"; };
		C9DFA05A1DE6DED800D0927C /* Base */ = {isa = PBXFileReference; lastKnownFileType = file.storyboard; name = Base; path = Base.lproj/LaunchScreen.storyboard; sourceTree = "<group>"; };
		C9DFA05C1DE6DED800D0927C /* Info.plist */ = {isa = PBXFileReference; lastKnownFileType = text.plist.xml; path = Info.plist; sourceTree = "<group>"; };
		C9DFA0611DE6DED800D0927C /* STAR.xctest */ = {isa = PBXFileReference; explicitFileType = wrapper.cfbundle; includeInIndex = 0; path = STAR.xctest; sourceTree = BUILT_PRODUCTS_DIR; };
		C9DFA0671DE6DED800D0927C /* Info.plist */ = {isa = PBXFileReference; lastKnownFileType = text.plist.xml; path = Info.plist; sourceTree = "<group>"; };
		C9DFA0801DE6DEEB00D0927C /* CreditCard.swift */ = {isa = PBXFileReference; fileEncoding = 4; lastKnownFileType = sourcecode.swift; path = CreditCard.swift; sourceTree = "<group>"; };
		C9DFA0811DE6DEEB00D0927C /* DataProvider.swift */ = {isa = PBXFileReference; fileEncoding = 4; lastKnownFileType = sourcecode.swift; path = DataProvider.swift; sourceTree = "<group>"; };
		C9DFA0821DE6DEEB00D0927C /* Transaction.swift */ = {isa = PBXFileReference; fileEncoding = 4; lastKnownFileType = sourcecode.swift; path = Transaction.swift; sourceTree = "<group>"; };
		C9DFA0831DE6DEEB00D0927C /* User.swift */ = {isa = PBXFileReference; fileEncoding = 4; lastKnownFileType = sourcecode.swift; path = User.swift; sourceTree = "<group>"; };
		C9DFA0851DE6DEEB00D0927C /* AddUserViewController.swift */ = {isa = PBXFileReference; fileEncoding = 4; lastKnownFileType = sourcecode.swift; path = AddUserViewController.swift; sourceTree = "<group>"; };
		C9DFA0861DE6DEEB00D0927C /* BaseViewController.swift */ = {isa = PBXFileReference; fileEncoding = 4; lastKnownFileType = sourcecode.swift; path = BaseViewController.swift; sourceTree = "<group>"; };
		C9DFA0871DE6DEEB00D0927C /* TransactionTableViewController.swift */ = {isa = PBXFileReference; fileEncoding = 4; lastKnownFileType = sourcecode.swift; path = TransactionTableViewController.swift; sourceTree = "<group>"; };
		C9DFA0881DE6DEEB00D0927C /* TransfersViewController.swift */ = {isa = PBXFileReference; fileEncoding = 4; lastKnownFileType = sourcecode.swift; path = TransfersViewController.swift; sourceTree = "<group>"; };
		C9DFA0891DE6DEEB00D0927C /* UserCell.swift */ = {isa = PBXFileReference; fileEncoding = 4; lastKnownFileType = sourcecode.swift; path = UserCell.swift; sourceTree = "<group>"; };
		C9DFA08A1DE6DEEB00D0927C /* UsersTableViewController.swift */ = {isa = PBXFileReference; fileEncoding = 4; lastKnownFileType = sourcecode.swift; path = UsersTableViewController.swift; sourceTree = "<group>"; };
		C9DFA08C1DE6DEEB00D0927C /* CreditCardViewModel.swift */ = {isa = PBXFileReference; fileEncoding = 4; lastKnownFileType = sourcecode.swift; path = CreditCardViewModel.swift; sourceTree = "<group>"; };
		C9DFA08D1DE6DEEB00D0927C /* TransactionViewModel.swift */ = {isa = PBXFileReference; fileEncoding = 4; lastKnownFileType = sourcecode.swift; path = TransactionViewModel.swift; sourceTree = "<group>"; };
		C9DFA08E1DE6DEEB00D0927C /* TransferViewModel.swift */ = {isa = PBXFileReference; fileEncoding = 4; lastKnownFileType = sourcecode.swift; path = TransferViewModel.swift; sourceTree = "<group>"; };
		C9DFA08F1DE6DEEB00D0927C /* UserViewModel.swift */ = {isa = PBXFileReference; fileEncoding = 4; lastKnownFileType = sourcecode.swift; path = UserViewModel.swift; sourceTree = "<group>"; };
		C9DFA09E1DE6DF2000D0927C /* CreditCardViewModelTests.swift */ = {isa = PBXFileReference; fileEncoding = 4; lastKnownFileType = sourcecode.swift; path = CreditCardViewModelTests.swift; sourceTree = "<group>"; };
		C9DFA09F1DE6DF2000D0927C /* UserViewModelTests.swift */ = {isa = PBXFileReference; fileEncoding = 4; lastKnownFileType = sourcecode.swift; path = UserViewModelTests.swift; sourceTree = "<group>"; };
/* End PBXFileReference section */

/* Begin PBXFrameworksBuildPhase section */
		C9DFA0481DE6DED800D0927C /* Frameworks */ = {
			isa = PBXFrameworksBuildPhase;
			buildActionMask = 2147483647;
			files = (
			);
			runOnlyForDeploymentPostprocessing = 0;
		};
		C9DFA05E1DE6DED800D0927C /* Frameworks */ = {
			isa = PBXFrameworksBuildPhase;
			buildActionMask = 2147483647;
			files = (
			);
			runOnlyForDeploymentPostprocessing = 0;
		};
/* End PBXFrameworksBuildPhase section */

/* Begin PBXGroup section */
		C9BA9BA01DE7696500466F18 /* Resources */ = {
			isa = PBXGroup;
			children = (
				C9DFA04E1DE6DED800D0927C /* AppDelegate.swift */,
				C9BA9B9E1DE6F20800466F18 /* UIColor+Extension.swift */,
				C9DFA0541DE6DED800D0927C /* Main.storyboard */,
				C9DFA0571DE6DED800D0927C /* Assets.xcassets */,
				C9DFA0591DE6DED800D0927C /* LaunchScreen.storyboard */,
				C9DFA05C1DE6DED800D0927C /* Info.plist */,
			);
			name = Resources;
			sourceTree = "<group>";
		};
		C9DFA0421DE6DED800D0927C = {
			isa = PBXGroup;
			children = (
				C9DFA04D1DE6DED800D0927C /* STAR */,
				C9DFA0641DE6DED800D0927C /* STARTests */,
				C9DFA04C1DE6DED800D0927C /* Products */,
			);
			sourceTree = "<group>";
		};
		C9DFA04C1DE6DED800D0927C /* Products */ = {
			isa = PBXGroup;
			children = (
				C9DFA04B1DE6DED800D0927C /* STAR.app */,
				C9DFA0611DE6DED800D0927C /* STAR.xctest */,
			);
			name = Products;
			sourceTree = "<group>";
		};
		C9DFA04D1DE6DED800D0927C /* STAR */ = {
			isa = PBXGroup;
			children = (
				C9BA9BA01DE7696500466F18 /* Resources */,
				C9DFA07E1DE6DEEB00D0927C /* MVVM */,
			);
			name = STAR;
			path = LENDSTAR;
			sourceTree = "<group>";
		};
		C9DFA0641DE6DED800D0927C /* STARTests */ = {
			isa = PBXGroup;
			children = (
				C9DFA09E1DE6DF2000D0927C /* CreditCardViewModelTests.swift */,
				C9DFA09F1DE6DF2000D0927C /* UserViewModelTests.swift */,
				C9DFA0671DE6DED800D0927C /* Info.plist */,
			);
			name = STARTests;
			path = LENDSTARTests;
			sourceTree = "<group>";
		};
		C9DFA07E1DE6DEEB00D0927C /* MVVM */ = {
			isa = PBXGroup;
			children = (
				C9DFA07F1DE6DEEB00D0927C /* Model */,
				C9DFA0841DE6DEEB00D0927C /* View */,
				C9DFA08B1DE6DEEB00D0927C /* ViewModel */,
			);
			path = MVVM;
			sourceTree = "<group>";
		};
		C9DFA07F1DE6DEEB00D0927C /* Model */ = {
			isa = PBXGroup;
			children = (
				C9DFA0801DE6DEEB00D0927C /* CreditCard.swift */,
				C9DFA0811DE6DEEB00D0927C /* DataProvider.swift */,
				C9DFA0821DE6DEEB00D0927C /* Transaction.swift */,
				C9DFA0831DE6DEEB00D0927C /* User.swift */,
			);
			path = Model;
			sourceTree = "<group>";
		};
		C9DFA0841DE6DEEB00D0927C /* View */ = {
			isa = PBXGroup;
			children = (
				C9DFA0851DE6DEEB00D0927C /* AddUserViewController.swift */,
				C9DFA0861DE6DEEB00D0927C /* BaseViewController.swift */,
				C9DFA0871DE6DEEB00D0927C /* TransactionTableViewController.swift */,
				C9DFA0881DE6DEEB00D0927C /* TransfersViewController.swift */,
				C9DFA0891DE6DEEB00D0927C /* UserCell.swift */,
				C9DFA08A1DE6DEEB00D0927C /* UsersTableViewController.swift */,
			);
			path = View;
			sourceTree = "<group>";
		};
		C9DFA08B1DE6DEEB00D0927C /* ViewModel */ = {
			isa = PBXGroup;
			children = (
				C9DFA08C1DE6DEEB00D0927C /* CreditCardViewModel.swift */,
				C9DFA08D1DE6DEEB00D0927C /* TransactionViewModel.swift */,
				C9DFA08E1DE6DEEB00D0927C /* TransferViewModel.swift */,
				C9DFA08F1DE6DEEB00D0927C /* UserViewModel.swift */,
			);
			path = ViewModel;
			sourceTree = "<group>";
		};
/* End PBXGroup section */

/* Begin PBXNativeTarget section */
		C9DFA04A1DE6DED800D0927C /* STAR */ = {
			isa = PBXNativeTarget;
			buildConfigurationList = C9DFA0751DE6DED800D0927C /* Build configuration list for PBXNativeTarget "STAR" */;
			buildPhases = (
				C9DFA0471DE6DED800D0927C /* Sources */,
				C9DFA0481DE6DED800D0927C /* Frameworks */,
				C9DFA0491DE6DED800D0927C /* Resources */,
			);
			buildRules = (
			);
			dependencies = (
			);
			name = STAR;
			productName = LENDSTAR;
			productReference = C9DFA04B1DE6DED800D0927C /* STAR.app */;
			productType = "com.apple.product-type.application";
		};
		C9DFA0601DE6DED800D0927C /* STARTests */ = {
			isa = PBXNativeTarget;
			buildConfigurationList = C9DFA0781DE6DED800D0927C /* Build configuration list for PBXNativeTarget "STARTests" */;
			buildPhases = (
				C9DFA05D1DE6DED800D0927C /* Sources */,
				C9DFA05E1DE6DED800D0927C /* Frameworks */,
				C9DFA05F1DE6DED800D0927C /* Resources */,
			);
			buildRules = (
			);
			dependencies = (
				C9DFA0631DE6DED800D0927C /* PBXTargetDependency */,
			);
			name = STARTests;
			productName = LENDSTARTests;
			productReference = C9DFA0611DE6DED800D0927C /* STAR.xctest */;
			productType = "com.apple.product-type.bundle.unit-test";
		};
/* End PBXNativeTarget section */

/* Begin PBXProject section */
		C9DFA0431DE6DED800D0927C /* Project object */ = {
			isa = PBXProject;
			attributes = {
				LastSwiftUpdateCheck = 0730;
				LastUpgradeCheck = 0730;
				ORGANIZATIONNAME = "ALINA HAMBARYAN";
				TargetAttributes = {
					C9DFA04A1DE6DED800D0927C = {
						CreatedOnToolsVersion = 7.3.1;
					};
					C9DFA0601DE6DED800D0927C = {
						CreatedOnToolsVersion = 7.3.1;
						TestTargetID = C9DFA04A1DE6DED800D0927C;
					};
				};
			};
			buildConfigurationList = C9DFA0461DE6DED800D0927C /* Build configuration list for PBXProject "STAR" */;
			compatibilityVersion = "Xcode 3.2";
			developmentRegion = English;
			hasScannedForEncodings = 0;
			knownRegions = (
				en,
				Base,
			);
			mainGroup = C9DFA0421DE6DED800D0927C;
			productRefGroup = C9DFA04C1DE6DED800D0927C /* Products */;
			projectDirPath = "";
			projectRoot = "";
			targets = (
				C9DFA04A1DE6DED800D0927C /* STAR */,
				C9DFA0601DE6DED800D0927C /* STARTests */,
			);
		};
/* End PBXProject section */

/* Begin PBXResourcesBuildPhase section */
		C9DFA0491DE6DED800D0927C /* Resources */ = {
			isa = PBXResourcesBuildPhase;
			buildActionMask = 2147483647;
			files = (
				C9DFA05B1DE6DED800D0927C /* LaunchScreen.storyboard in Resources */,
				C9DFA0581DE6DED800D0927C /* Assets.xcassets in Resources */,
				C9DFA0561DE6DED800D0927C /* Main.storyboard in Resources */,
			);
			runOnlyForDeploymentPostprocessing = 0;
		};
		C9DFA05F1DE6DED800D0927C /* Resources */ = {
			isa = PBXResourcesBuildPhase;
			buildActionMask = 2147483647;
			files = (
			);
			runOnlyForDeploymentPostprocessing = 0;
		};
/* End PBXResourcesBuildPhase section */

/* Begin PBXSourcesBuildPhase section */
		C9DFA0471DE6DED800D0927C /* Sources */ = {
			isa = PBXSourcesBuildPhase;
			buildActionMask = 2147483647;
			files = (
				C9DFA0991DE6DEEB00D0927C /* UsersTableViewController.swift in Sources */,
				C9DFA0901DE6DEEB00D0927C /* CreditCard.swift in Sources */,
				C9DFA09C1DE6DEEB00D0927C /* TransferViewModel.swift in Sources */,
				C9DFA0921DE6DEEB00D0927C /* Transaction.swift in Sources */,
				C9DFA0911DE6DEEB00D0927C /* DataProvider.swift in Sources */,
				C9DFA0961DE6DEEB00D0927C /* TransactionTableViewController.swift in Sources */,
				C9DFA04F1DE6DED800D0927C /* AppDelegate.swift in Sources */,
				C9BA9B9F1DE6F20800466F18 /* UIColor+Extension.swift in Sources */,
				C9DFA0971DE6DEEB00D0927C /* TransfersViewController.swift in Sources */,
				C9DFA0951DE6DEEB00D0927C /* BaseViewController.swift in Sources */,
				C9DFA0981DE6DEEB00D0927C /* UserCell.swift in Sources */,
				C9DFA0941DE6DEEB00D0927C /* AddUserViewController.swift in Sources */,
				C9DFA09A1DE6DEEB00D0927C /* CreditCardViewModel.swift in Sources */,
				C9DFA09D1DE6DEEB00D0927C /* UserViewModel.swift in Sources */,
				C9DFA0931DE6DEEB00D0927C /* User.swift in Sources */,
				C9DFA09B1DE6DEEB00D0927C /* TransactionViewModel.swift in Sources */,
			);
			runOnlyForDeploymentPostprocessing = 0;
		};
		C9DFA05D1DE6DED800D0927C /* Sources */ = {
			isa = PBXSourcesBuildPhase;
			buildActionMask = 2147483647;
			files = (
				C9DFA0A11DE6DF2000D0927C /* UserViewModelTests.swift in Sources */,
				C9DFA0A01DE6DF2000D0927C /* CreditCardViewModelTests.swift in Sources */,
			);
			runOnlyForDeploymentPostprocessing = 0;
		};
/* End PBXSourcesBuildPhase section */

/* Begin PBXTargetDependency section */
		C9DFA0631DE6DED800D0927C /* PBXTargetDependency */ = {
			isa = PBXTargetDependency;
			target = C9DFA04A1DE6DED800D0927C /* STAR */;
			targetProxy = C9DFA0621DE6DED800D0927C /* PBXContainerItemProxy */;
		};
/* End PBXTargetDependency section */

/* Begin PBXVariantGroup section */
		C9DFA0541DE6DED800D0927C /* Main.storyboard */ = {
			isa = PBXVariantGroup;
			children = (
				C9DFA0551DE6DED800D0927C /* Base */,
			);
			name = Main.storyboard;
			sourceTree = "<group>";
		};
		C9DFA0591DE6DED800D0927C /* LaunchScreen.storyboard */ = {
			isa = PBXVariantGroup;
			children = (
				C9DFA05A1DE6DED800D0927C /* Base */,
			);
			name = LaunchScreen.storyboard;
			sourceTree = "<group>";
		};
/* End PBXVariantGroup section */

/* Begin XCBuildConfiguration section */
		C9DFA0731DE6DED800D0927C /* Debug */ = {
			isa = XCBuildConfiguration;
			buildSettings = {
				ALWAYS_SEARCH_USER_PATHS = NO;
				CLANG_ANALYZER_NONNULL = YES;
				CLANG_CXX_LANGUAGE_STANDARD = "gnu++0x";
				CLANG_CXX_LIBRARY = "libc++";
				CLANG_ENABLE_MODULES = YES;
				CLANG_ENABLE_OBJC_ARC = YES;
				CLANG_WARN_BOOL_CONVERSION = YES;
				CLANG_WARN_CONSTANT_CONVERSION = YES;
				CLANG_WARN_DIRECT_OBJC_ISA_USAGE = YES_ERROR;
				CLANG_WARN_EMPTY_BODY = YES;
				CLANG_WARN_ENUM_CONVERSION = YES;
				CLANG_WARN_INT_CONVERSION = YES;
				CLANG_WARN_OBJC_ROOT_CLASS = YES_ERROR;
				CLANG_WARN_UNREACHABLE_CODE = YES;
				CLANG_WARN__DUPLICATE_METHOD_MATCH = YES;
				"CODE_SIGN_IDENTITY[sdk=iphoneos*]" = "iPhone Developer";
				COPY_PHASE_STRIP = NO;
				DEBUG_INFORMATION_FORMAT = dwarf;
				ENABLE_STRICT_OBJC_MSGSEND = YES;
				ENABLE_TESTABILITY = YES;
				GCC_C_LANGUAGE_STANDARD = gnu99;
				GCC_DYNAMIC_NO_PIC = NO;
				GCC_NO_COMMON_BLOCKS = YES;
				GCC_OPTIMIZATION_LEVEL = 0;
				GCC_PREPROCESSOR_DEFINITIONS = (
					"DEBUG=1",
					"$(inherited)",
				);
				GCC_WARN_64_TO_32_BIT_CONVERSION = YES;
				GCC_WARN_ABOUT_RETURN_TYPE = YES_ERROR;
				GCC_WARN_UNDECLARED_SELECTOR = YES;
				GCC_WARN_UNINITIALIZED_AUTOS = YES_AGGRESSIVE;
				GCC_WARN_UNUSED_FUNCTION = YES;
				GCC_WARN_UNUSED_VARIABLE = YES;
				IPHONEOS_DEPLOYMENT_TARGET = 9.3;
				MTL_ENABLE_DEBUG_INFO = YES;
				ONLY_ACTIVE_ARCH = YES;
				SDKROOT = iphoneos;
				SWIFT_OPTIMIZATION_LEVEL = "-Onone";
				TARGETED_DEVICE_FAMILY = "1,2";
			};
			name = Debug;
		};
		C9DFA0741DE6DED800D0927C /* Release */ = {
			isa = XCBuildConfiguration;
			buildSettings = {
				ALWAYS_SEARCH_USER_PATHS = NO;
				CLANG_ANALYZER_NONNULL = YES;
				CLANG_CXX_LANGUAGE_STANDARD = "gnu++0x";
				CLANG_CXX_LIBRARY = "libc++";
				CLANG_ENABLE_MODULES = YES;
				CLANG_ENABLE_OBJC_ARC = YES;
				CLANG_WARN_BOOL_CONVERSION = YES;
				CLANG_WARN_CONSTANT_CONVERSION = YES;
				CLANG_WARN_DIRECT_OBJC_ISA_USAGE = YES_ERROR;
				CLANG_WARN_EMPTY_BODY = YES;
				CLANG_WARN_ENUM_CONVERSION = YES;
				CLANG_WARN_INT_CONVERSION = YES;
				CLANG_WARN_OBJC_ROOT_CLASS = YES_ERROR;
				CLANG_WARN_UNREACHABLE_CODE = YES;
				CLANG_WARN__DUPLICATE_METHOD_MATCH = YES;
				"CODE_SIGN_IDENTITY[sdk=iphoneos*]" = "iPhone Developer";
				COPY_PHASE_STRIP = NO;
				DEBUG_INFORMATION_FORMAT = "dwarf-with-dsym";
				ENABLE_NS_ASSERTIONS = NO;
				ENABLE_STRICT_OBJC_MSGSEND = YES;
				GCC_C_LANGUAGE_STANDARD = gnu99;
				GCC_NO_COMMON_BLOCKS = YES;
				GCC_WARN_64_TO_32_BIT_CONVERSION = YES;
				GCC_WARN_ABOUT_RETURN_TYPE = YES_ERROR;
				GCC_WARN_UNDECLARED_SELECTOR = YES;
				GCC_WARN_UNINITIALIZED_AUTOS = YES_AGGRESSIVE;
				GCC_WARN_UNUSED_FUNCTION = YES;
				GCC_WARN_UNUSED_VARIABLE = YES;
				IPHONEOS_DEPLOYMENT_TARGET = 9.3;
				MTL_ENABLE_DEBUG_INFO = NO;
				SDKROOT = iphoneos;
				TARGETED_DEVICE_FAMILY = "1,2";
				VALIDATE_PRODUCT = YES;
			};
			name = Release;
		};
		C9DFA0761DE6DED800D0927C /* Debug */ = {
			isa = XCBuildConfiguration;
			buildSettings = {
				ASSETCATALOG_COMPILER_APPICON_NAME = AppIcon;
				INFOPLIST_FILE = LENDSTAR/Info.plist;
				LD_RUNPATH_SEARCH_PATHS = "$(inherited) @executable_path/Frameworks";
				PRODUCT_BUNDLE_IDENTIFIER = AH.LENDSTAR;
				PRODUCT_NAME = STAR;
			};
			name = Debug;
		};
		C9DFA0771DE6DED800D0927C /* Release */ = {
			isa = XCBuildConfiguration;
			buildSettings = {
				ASSETCATALOG_COMPILER_APPICON_NAME = AppIcon;
				INFOPLIST_FILE = LENDSTAR/Info.plist;
				LD_RUNPATH_SEARCH_PATHS = "$(inherited) @executable_path/Frameworks";
				PRODUCT_BUNDLE_IDENTIFIER = AH.LENDSTAR;
				PRODUCT_NAME = STAR;
			};
			name = Release;
		};
		C9DFA0791DE6DED800D0927C /* Debug */ = {
			isa = XCBuildConfiguration;
			buildSettings = {
				BUNDLE_LOADER = "$(TEST_HOST)";
				INFOPLIST_FILE = LENDSTARTests/Info.plist;
				LD_RUNPATH_SEARCH_PATHS = "$(inherited) @executable_path/Frameworks @loader_path/Frameworks";
				PRODUCT_BUNDLE_IDENTIFIER = AH.LENDSTARTests;
				PRODUCT_NAME = STAR;
				TEST_HOST = "$(BUILT_PRODUCTS_DIR)/STAR.app/STAR";
			};
			name = Debug;
		};
		C9DFA07A1DE6DED800D0927C /* Release */ = {
			isa = XCBuildConfiguration;
			buildSettings = {
				BUNDLE_LOADER = "$(TEST_HOST)";
				INFOPLIST_FILE = LENDSTARTests/Info.plist;
				LD_RUNPATH_SEARCH_PATHS = "$(inherited) @executable_path/Frameworks @loader_path/Frameworks";
				PRODUCT_BUNDLE_IDENTIFIER = AH.LENDSTARTests;
				PRODUCT_NAME = STAR;
				TEST_HOST = "$(BUILT_PRODUCTS_DIR)/STAR.app/STAR";
			};
			name = Release;
		};
/* End XCBuildConfiguration section */

/* Begin XCConfigurationList section */
		C9DFA0461DE6DED800D0927C /* Build configuration list for PBXProject "STAR" */ = {
			isa = XCConfigurationList;
			buildConfigurations = (
				C9DFA0731DE6DED800D0927C /* Debug */,
				C9DFA0741DE6DED800D0927C /* Release */,
			);
			defaultConfigurationIsVisible = 0;
			defaultConfigurationName = Release;
		};
		C9DFA0751DE6DED800D0927C /* Build configuration list for PBXNativeTarget "STAR" */ = {
			isa = XCConfigurationList;
			buildConfigurations = (
				C9DFA0761DE6DED800D0927C /* Debug */,
				C9DFA0771DE6DED800D0927C /* Release */,
			);
			defaultConfigurationIsVisible = 0;
			defaultConfigurationName = Release;
		};
		C9DFA0781DE6DED800D0927C /* Build configuration list for PBXNativeTarget "STARTests" */ = {
			isa = XCConfigurationList;
			buildConfigurations = (
				C9DFA0791DE6DED800D0927C /* Debug */,
				C9DFA07A1DE6DED800D0927C /* Release */,
			);
			defaultConfigurationIsVisible = 0;
			defaultConfigurationName = Release;
		};
/* End XCConfigurationList section */
	};
	rootObject = C9DFA0431DE6DED800D0927C /* Project object */;
}
